// !$*UTF8*$!
{
	archiveVersion = 1;
	classes = {
	};
	objectVersion = 46;
	objects = {

/* Begin PBXBuildFile section */
		165595221B1D5F03002B3D79 /* main.m in Sources */ = {isa = PBXBuildFile; fileRef = 165595211B1D5F03002B3D79 /* main.m */; };
		165595251B1D5F03002B3D79 /* AppDelegate.m in Sources */ = {isa = PBXBuildFile; fileRef = 165595241B1D5F03002B3D79 /* AppDelegate.m */; };
		165595281B1D5F03002B3D79 /* MasterViewController.m in Sources */ = {isa = PBXBuildFile; fileRef = 165595271B1D5F03002B3D79 /* MasterViewController.m */; };
		1655952B1B1D5F03002B3D79 /* DetailViewController.m in Sources */ = {isa = PBXBuildFile; fileRef = 1655952A1B1D5F03002B3D79 /* DetailViewController.m */; };
		1655952E1B1D5F03002B3D79 /* Main.storyboard in Resources */ = {isa = PBXBuildFile; fileRef = 1655952C1B1D5F03002B3D79 /* Main.storyboard */; };
		165595301B1D5F03002B3D79 /* Images.xcassets in Resources */ = {isa = PBXBuildFile; fileRef = 1655952F1B1D5F03002B3D79 /* Images.xcassets */; };
		165595331B1D5F03002B3D79 /* LaunchScreen.xib in Resources */ = {isa = PBXBuildFile; fileRef = 165595311B1D5F03002B3D79 /* LaunchScreen.xib */; };
		1655953F1B1D5F03002B3D79 /* aaTests.m in Sources */ = {isa = PBXBuildFile; fileRef = 1655953E1B1D5F03002B3D79 /* aaTests.m */; };
		CDCDD3501B1F129D0022F2CD /* AppDelegate.m in Sources */ = {isa = PBXBuildFile; fileRef = CDCDD2E01B1F129D0022F2CD /* AppDelegate.m */; };
		CDCDD3511B1F129D0022F2CD /* Default-568h@2x.png in Resources */ = {isa = PBXBuildFile; fileRef = CDCDD2E11B1F129D0022F2CD /* Default-568h@2x.png */; };
		CDCDD3521B1F129D0022F2CD /* Default.png in Resources */ = {isa = PBXBuildFile; fileRef = CDCDD2E21B1F129D0022F2CD /* Default.png */; };
		CDCDD3531B1F129D0022F2CD /* Default@2x.png in Resources */ = {isa = PBXBuildFile; fileRef = CDCDD2E31B1F129D0022F2CD /* Default@2x.png */; };
		CDCDD3541B1F129D0022F2CD /* InfoPlist.strings in Resources */ = {isa = PBXBuildFile; fileRef = CDCDD2E41B1F129D0022F2CD /* InfoPlist.strings */; };
		CDCDD3551B1F129D0022F2CD /* FaceppSDK+Demo-Info.plist in Resources */ = {isa = PBXBuildFile; fileRef = CDCDD2E61B1F129D0022F2CD /* FaceppSDK+Demo-Info.plist */; };
		CDCDD3561B1F129D0022F2CD /* main.m in Sources */ = {isa = PBXBuildFile; fileRef = CDCDD2E81B1F129D0022F2CD /* main.m */; };
		CDCDD3571B1F129D0022F2CD /* AppDelegate.m in Sources */ = {isa = PBXBuildFile; fileRef = CDCDD2EB1B1F129D0022F2CD /* AppDelegate.m */; };
		CDCDD3581B1F129D0022F2CD /* Default-568h@2x.png in Resources */ = {isa = PBXBuildFile; fileRef = CDCDD2EC1B1F129D0022F2CD /* Default-568h@2x.png */; };
		CDCDD3591B1F129D0022F2CD /* Default.png in Resources */ = {isa = PBXBuildFile; fileRef = CDCDD2ED1B1F129D0022F2CD /* Default.png */; };
		CDCDD35A1B1F129D0022F2CD /* Default@2x.png in Resources */ = {isa = PBXBuildFile; fileRef = CDCDD2EE1B1F129D0022F2CD /* Default@2x.png */; };
		CDCDD35B1B1F129D0022F2CD /* InfoPlist.strings in Resources */ = {isa = PBXBuildFile; fileRef = CDCDD2EF1B1F129D0022F2CD /* InfoPlist.strings */; };
		CDCDD35C1B1F129D0022F2CD /* ViewController.xib in Resources */ = {isa = PBXBuildFile; fileRef = CDCDD2F11B1F129D0022F2CD /* ViewController.xib */; };
		CDCDD35D1B1F129D0022F2CD /* FaceppPhotoPickerDemo-Info.plist in Resources */ = {isa = PBXBuildFile; fileRef = CDCDD2F31B1F129D0022F2CD /* FaceppPhotoPickerDemo-Info.plist */; };
		CDCDD35E1B1F129D0022F2CD /* main.m in Sources */ = {isa = PBXBuildFile; fileRef = CDCDD2F51B1F129D0022F2CD /* main.m */; };
		CDCDD35F1B1F129D0022F2CD /* MBProgressHUD.m in Sources */ = {isa = PBXBuildFile; fileRef = CDCDD2F71B1F129D0022F2CD /* MBProgressHUD.m */; };
		CDCDD3601B1F129D0022F2CD /* powered_by.png in Resources */ = {isa = PBXBuildFile; fileRef = CDCDD2F81B1F129D0022F2CD /* powered_by.png */; };
		CDCDD3611B1F129D0022F2CD /* ViewController.m in Sources */ = {isa = PBXBuildFile; fileRef = CDCDD2FA1B1F129D0022F2CD /* ViewController.m */; };
		CDCDD3621B1F129D0022F2CD /* icon.png in Resources */ = {isa = PBXBuildFile; fileRef = CDCDD2FE1B1F129D0022F2CD /* icon.png */; };
		CDCDD3631B1F129D0022F2CD /* icon@2x.png in Resources */ = {isa = PBXBuildFile; fileRef = CDCDD2FF1B1F129D0022F2CD /* icon@2x.png */; };
		CDCDD3641B1F129D0022F2CD /* ReadMe.md in Sources */ = {isa = PBXBuildFile; fileRef = CDCDD3001B1F129D0022F2CD /* ReadMe.md */; };
		CDCDD3651B1F129D0022F2CD /* FaceppAPI.m in Sources */ = {isa = PBXBuildFile; fileRef = CDCDD3031B1F129D0022F2CD /* FaceppAPI.m */; };
		CDCDD3661B1F129D0022F2CD /* FaceppClient.m in Sources */ = {isa = PBXBuildFile; fileRef = CDCDD3061B1F129D0022F2CD /* FaceppClient.m */; };
		CDCDD3671B1F129D0022F2CD /* FaceppDetection.m in Sources */ = {isa = PBXBuildFile; fileRef = CDCDD3081B1F129D0022F2CD /* FaceppDetection.m */; };
		CDCDD3681B1F129D0022F2CD /* FaceppFaceset.m in Sources */ = {isa = PBXBuildFile; fileRef = CDCDD30A1B1F129D0022F2CD /* FaceppFaceset.m */; };
		CDCDD3691B1F129D0022F2CD /* FaceppGroup.m in Sources */ = {isa = PBXBuildFile; fileRef = CDCDD30C1B1F129D0022F2CD /* FaceppGroup.m */; };
		CDCDD36A1B1F129D0022F2CD /* FaceppGrouping.m in Sources */ = {isa = PBXBuildFile; fileRef = CDCDD30E1B1F129D0022F2CD /* FaceppGrouping.m */; };
		CDCDD36B1B1F129D0022F2CD /* FaceppInfo.m in Sources */ = {isa = PBXBuildFile; fileRef = CDCDD3101B1F129D0022F2CD /* FaceppInfo.m */; };
		CDCDD36C1B1F129D0022F2CD /* FaceppPerson.m in Sources */ = {isa = PBXBuildFile; fileRef = CDCDD3121B1F129D0022F2CD /* FaceppPerson.m */; };
		CDCDD36D1B1F129D0022F2CD /* FaceppRecognition.m in Sources */ = {isa = PBXBuildFile; fileRef = CDCDD3141B1F129D0022F2CD /* FaceppRecognition.m */; };
		CDCDD36E1B1F129D0022F2CD /* FaceppTrainer.m in Sources */ = {isa = PBXBuildFile; fileRef = CDCDD3161B1F129D0022F2CD /* FaceppTrainer.m */; };
		CDCDD36F1B1F129D0022F2CD /* FaceppError.m in Sources */ = {isa = PBXBuildFile; fileRef = CDCDD3191B1F129D0022F2CD /* FaceppError.m */; };
		CDCDD3701B1F129D0022F2CD /* FaceppResult.m in Sources */ = {isa = PBXBuildFile; fileRef = CDCDD31B1B1F129D0022F2CD /* FaceppResult.m */; };
		CDCDD3711B1F129D0022F2CD /* CDataScanner.m in Sources */ = {isa = PBXBuildFile; fileRef = CDCDD31E1B1F129D0022F2CD /* CDataScanner.m */; };
		CDCDD3721B1F129D0022F2CD /* CFilteringJSONSerializer.m in Sources */ = {isa = PBXBuildFile; fileRef = CDCDD3211B1F129D0022F2CD /* CFilteringJSONSerializer.m */; };
		CDCDD3731B1F129D0022F2CD /* CJSONDeserializer_BlocksExtensions.m in Sources */ = {isa = PBXBuildFile; fileRef = CDCDD3231B1F129D0022F2CD /* CJSONDeserializer_BlocksExtensions.m */; };
		CDCDD3741B1F129D0022F2CD /* CJSONSerialization.m in Sources */ = {isa = PBXBuildFile; fileRef = CDCDD3251B1F129D0022F2CD /* CJSONSerialization.m */; };
		CDCDD3751B1F129D0022F2CD /* CJSONSerializedData.m in Sources */ = {isa = PBXBuildFile; fileRef = CDCDD3271B1F129D0022F2CD /* CJSONSerializedData.m */; };
		CDCDD3761B1F129D0022F2CD /* CDataScanner_Extensions.m in Sources */ = {isa = PBXBuildFile; fileRef = CDCDD32A1B1F129D0022F2CD /* CDataScanner_Extensions.m */; };
		CDCDD3771B1F129D0022F2CD /* NSDictionary_JSONExtensions.m in Sources */ = {isa = PBXBuildFile; fileRef = CDCDD32C1B1F129D0022F2CD /* NSDictionary_JSONExtensions.m */; };
		CDCDD3781B1F129D0022F2CD /* CJSONDeserializer.m in Sources */ = {isa = PBXBuildFile; fileRef = CDCDD32F1B1F129D0022F2CD /* CJSONDeserializer.m */; };
		CDCDD3791B1F129D0022F2CD /* CJSONScanner.m in Sources */ = {isa = PBXBuildFile; fileRef = CDCDD3311B1F129D0022F2CD /* CJSONScanner.m */; };
		CDCDD37A1B1F129D0022F2CD /* CJSONSerializer.m in Sources */ = {isa = PBXBuildFile; fileRef = CDCDD3331B1F129D0022F2CD /* CJSONSerializer.m */; };
		CDCDD37B1B1F129D0022F2CD /* FaceppAPI.m in Sources */ = {isa = PBXBuildFile; fileRef = CDCDD3371B1F129D0022F2CD /* FaceppAPI.m */; };
		CDCDD37C1B1F129D0022F2CD /* FaceppClient.m in Sources */ = {isa = PBXBuildFile; fileRef = CDCDD33A1B1F129D0022F2CD /* FaceppClient.m */; };
		CDCDD37D1B1F129D0022F2CD /* FaceppDetection.m in Sources */ = {isa = PBXBuildFile; fileRef = CDCDD33C1B1F129D0022F2CD /* FaceppDetection.m */; };
		CDCDD37E1B1F129D0022F2CD /* FaceppFaceset.m in Sources */ = {isa = PBXBuildFile; fileRef = CDCDD33E1B1F129D0022F2CD /* FaceppFaceset.m */; };
		CDCDD37F1B1F129D0022F2CD /* FaceppGroup.m in Sources */ = {isa = PBXBuildFile; fileRef = CDCDD3401B1F129D0022F2CD /* FaceppGroup.m */; };
		CDCDD3801B1F129D0022F2CD /* FaceppGrouping.m in Sources */ = {isa = PBXBuildFile; fileRef = CDCDD3421B1F129D0022F2CD /* FaceppGrouping.m */; };
		CDCDD3811B1F129D0022F2CD /* FaceppInfo.m in Sources */ = {isa = PBXBuildFile; fileRef = CDCDD3441B1F129D0022F2CD /* FaceppInfo.m */; };
		CDCDD3821B1F129D0022F2CD /* FaceppPerson.m in Sources */ = {isa = PBXBuildFile; fileRef = CDCDD3461B1F129D0022F2CD /* FaceppPerson.m */; };
		CDCDD3831B1F129D0022F2CD /* FaceppRecognition.m in Sources */ = {isa = PBXBuildFile; fileRef = CDCDD3481B1F129D0022F2CD /* FaceppRecognition.m */; };
		CDCDD3841B1F129D0022F2CD /* FaceppTrainer.m in Sources */ = {isa = PBXBuildFile; fileRef = CDCDD34A1B1F129D0022F2CD /* FaceppTrainer.m */; };
		CDCDD3851B1F129D0022F2CD /* FaceppError.m in Sources */ = {isa = PBXBuildFile; fileRef = CDCDD34D1B1F129D0022F2CD /* FaceppError.m */; };
		CDCDD3861B1F129D0022F2CD /* FaceppResult.m in Sources */ = {isa = PBXBuildFile; fileRef = CDCDD34F1B1F129D0022F2CD /* FaceppResult.m */; };
/* End PBXBuildFile section */

/* Begin PBXContainerItemProxy section */
		165595391B1D5F03002B3D79 /* PBXContainerItemProxy */ = {
			isa = PBXContainerItemProxy;
			containerPortal = 165595141B1D5F03002B3D79 /* Project object */;
			proxyType = 1;
			remoteGlobalIDString = 1655951B1B1D5F03002B3D79;
			remoteInfo = aa;
		};
		CDCDD3891B1F129D0022F2CD /* PBXContainerItemProxy */ = {
			isa = PBXContainerItemProxy;
			containerPortal = CDCDD2FB1B1F129D0022F2CD /* FaceppSDK+Demo.xcodeproj */;
			proxyType = 2;
			remoteGlobalIDString = C7CE8D62166F4A25003E07C5;
			remoteInfo = FaceppPhotoPickerDemo;
		};
		CDCDD38B1B1F129D0022F2CD /* PBXContainerItemProxy */ = {
			isa = PBXContainerItemProxy;
			containerPortal = CDCDD2FB1B1F129D0022F2CD /* FaceppSDK+Demo.xcodeproj */;
			proxyType = 2;
			remoteGlobalIDString = C72222281666371700D74087;
			remoteInfo = "FaceppSDK+Demo";
		};
/* End PBXContainerItemProxy section */

/* Begin PBXFileReference section */
		1655951C1B1D5F03002B3D79 /* aa.app */ = {isa = PBXFileReference; explicitFileType = wrapper.application; includeInIndex = 0; path = aa.app; sourceTree = BUILT_PRODUCTS_DIR; };
		165595201B1D5F03002B3D79 /* Info.plist */ = {isa = PBXFileReference; lastKnownFileType = text.plist.xml; path = Info.plist; sourceTree = "<group>"; };
		165595211B1D5F03002B3D79 /* main.m */ = {isa = PBXFileReference; lastKnownFileType = sourcecode.c.objc; path = main.m; sourceTree = "<group>"; };
		165595231B1D5F03002B3D79 /* AppDelegate.h */ = {isa = PBXFileReference; lastKnownFileType = sourcecode.c.h; path = AppDelegate.h; sourceTree = "<group>"; };
		165595241B1D5F03002B3D79 /* AppDelegate.m */ = {isa = PBXFileReference; lastKnownFileType = sourcecode.c.objc; path = AppDelegate.m; sourceTree = "<group>"; };
		165595261B1D5F03002B3D79 /* MasterViewController.h */ = {isa = PBXFileReference; lastKnownFileType = sourcecode.c.h; path = MasterViewController.h; sourceTree = "<group>"; };
		165595271B1D5F03002B3D79 /* MasterViewController.m */ = {isa = PBXFileReference; lastKnownFileType = sourcecode.c.objc; path = MasterViewController.m; sourceTree = "<group>"; };
		165595291B1D5F03002B3D79 /* DetailViewController.h */ = {isa = PBXFileReference; lastKnownFileType = sourcecode.c.h; path = DetailViewController.h; sourceTree = "<group>"; };
		1655952A1B1D5F03002B3D79 /* DetailViewController.m */ = {isa = PBXFileReference; lastKnownFileType = sourcecode.c.objc; path = DetailViewController.m; sourceTree = "<group>"; };
		1655952D1B1D5F03002B3D79 /* Base */ = {isa = PBXFileReference; lastKnownFileType = file.storyboard; name = Base; path = Base.lproj/Main.storyboard; sourceTree = "<group>"; };
		1655952F1B1D5F03002B3D79 /* Images.xcassets */ = {isa = PBXFileReference; lastKnownFileType = folder.assetcatalog; path = Images.xcassets; sourceTree = "<group>"; };
		165595321B1D5F03002B3D79 /* Base */ = {isa = PBXFileReference; lastKnownFileType = file.xib; name = Base; path = Base.lproj/LaunchScreen.xib; sourceTree = "<group>"; };
		165595381B1D5F03002B3D79 /* aaTests.xctest */ = {isa = PBXFileReference; explicitFileType = wrapper.cfbundle; includeInIndex = 0; path = aaTests.xctest; sourceTree = BUILT_PRODUCTS_DIR; };
		1655953D1B1D5F03002B3D79 /* Info.plist */ = {isa = PBXFileReference; lastKnownFileType = text.plist.xml; path = Info.plist; sourceTree = "<group>"; };
		1655953E1B1D5F03002B3D79 /* aaTests.m */ = {isa = PBXFileReference; lastKnownFileType = sourcecode.c.objc; path = aaTests.m; sourceTree = "<group>"; };
		CDCDD2DD1B1F129D0022F2CD /* APIKey+APISecret.h */ = {isa = PBXFileReference; fileEncoding = 4; lastKnownFileType = sourcecode.c.h; path = "APIKey+APISecret.h"; sourceTree = "<group>"; };
		CDCDD2DF1B1F129D0022F2CD /* AppDelegate.h */ = {isa = PBXFileReference; fileEncoding = 4; lastKnownFileType = sourcecode.c.h; path = AppDelegate.h; sourceTree = "<group>"; };
		CDCDD2E01B1F129D0022F2CD /* AppDelegate.m */ = {isa = PBXFileReference; fileEncoding = 4; lastKnownFileType = sourcecode.c.objc; path = AppDelegate.m; sourceTree = "<group>"; };
		CDCDD2E11B1F129D0022F2CD /* Default-568h@2x.png */ = {isa = PBXFileReference; lastKnownFileType = image.png; path = "Default-568h@2x.png"; sourceTree = "<group>"; };
		CDCDD2E21B1F129D0022F2CD /* Default.png */ = {isa = PBXFileReference; lastKnownFileType = image.png; path = Default.png; sourceTree = "<group>"; };
		CDCDD2E31B1F129D0022F2CD /* Default@2x.png */ = {isa = PBXFileReference; lastKnownFileType = image.png; path = "Default@2x.png"; sourceTree = "<group>"; };
		CDCDD2E51B1F129D0022F2CD /* en */ = {isa = PBXFileReference; lastKnownFileType = text.plist.strings; name = en; path = en.lproj/InfoPlist.strings; sourceTree = "<group>"; };
		CDCDD2E61B1F129D0022F2CD /* FaceppSDK+Demo-Info.plist */ = {isa = PBXFileReference; fileEncoding = 4; lastKnownFileType = text.plist.xml; path = "FaceppSDK+Demo-Info.plist"; sourceTree = "<group>"; };
		CDCDD2E71B1F129D0022F2CD /* FaceppSDK+Demo-Prefix.pch */ = {isa = PBXFileReference; fileEncoding = 4; lastKnownFileType = sourcecode.c.h; path = "FaceppSDK+Demo-Prefix.pch"; sourceTree = "<group>"; };
		CDCDD2E81B1F129D0022F2CD /* main.m */ = {isa = PBXFileReference; fileEncoding = 4; lastKnownFileType = sourcecode.c.objc; path = main.m; sourceTree = "<group>"; };
		CDCDD2EA1B1F129D0022F2CD /* AppDelegate.h */ = {isa = PBXFileReference; fileEncoding = 4; lastKnownFileType = sourcecode.c.h; path = AppDelegate.h; sourceTree = "<group>"; };
		CDCDD2EB1B1F129D0022F2CD /* AppDelegate.m */ = {isa = PBXFileReference; fileEncoding = 4; lastKnownFileType = sourcecode.c.objc; path = AppDelegate.m; sourceTree = "<group>"; };
		CDCDD2EC1B1F129D0022F2CD /* Default-568h@2x.png */ = {isa = PBXFileReference; lastKnownFileType = image.png; path = "Default-568h@2x.png"; sourceTree = "<group>"; };
		CDCDD2ED1B1F129D0022F2CD /* Default.png */ = {isa = PBXFileReference; lastKnownFileType = image.png; path = Default.png; sourceTree = "<group>"; };
		CDCDD2EE1B1F129D0022F2CD /* Default@2x.png */ = {isa = PBXFileReference; lastKnownFileType = image.png; path = "Default@2x.png"; sourceTree = "<group>"; };
		CDCDD2F01B1F129D0022F2CD /* en */ = {isa = PBXFileReference; lastKnownFileType = text.plist.strings; name = en; path = en.lproj/InfoPlist.strings; sourceTree = "<group>"; };
		CDCDD2F21B1F129D0022F2CD /* en */ = {isa = PBXFileReference; lastKnownFileType = file.xib; name = en; path = en.lproj/ViewController.xib; sourceTree = "<group>"; };
		CDCDD2F31B1F129D0022F2CD /* FaceppPhotoPickerDemo-Info.plist */ = {isa = PBXFileReference; fileEncoding = 4; lastKnownFileType = text.plist.xml; path = "FaceppPhotoPickerDemo-Info.plist"; sourceTree = "<group>"; };
		CDCDD2F41B1F129D0022F2CD /* FaceppPhotoPickerDemo-Prefix.pch */ = {isa = PBXFileReference; fileEncoding = 4; lastKnownFileType = sourcecode.c.h; path = "FaceppPhotoPickerDemo-Prefix.pch"; sourceTree = "<group>"; };
		CDCDD2F51B1F129D0022F2CD /* main.m */ = {isa = PBXFileReference; fileEncoding = 4; lastKnownFileType = sourcecode.c.objc; path = main.m; sourceTree = "<group>"; };
		CDCDD2F61B1F129D0022F2CD /* MBProgressHUD.h */ = {isa = PBXFileReference; fileEncoding = 4; lastKnownFileType = sourcecode.c.h; path = MBProgressHUD.h; sourceTree = "<group>"; };
		CDCDD2F71B1F129D0022F2CD /* MBProgressHUD.m */ = {isa = PBXFileReference; fileEncoding = 4; lastKnownFileType = sourcecode.c.objc; path = MBProgressHUD.m; sourceTree = "<group>"; };
		CDCDD2F81B1F129D0022F2CD /* powered_by.png */ = {isa = PBXFileReference; lastKnownFileType = image.png; path = powered_by.png; sourceTree = "<group>"; };
		CDCDD2F91B1F129D0022F2CD /* ViewController.h */ = {isa = PBXFileReference; fileEncoding = 4; lastKnownFileType = sourcecode.c.h; path = ViewController.h; sourceTree = "<group>"; };
		CDCDD2FA1B1F129D0022F2CD /* ViewController.m */ = {isa = PBXFileReference; fileEncoding = 4; lastKnownFileType = sourcecode.c.objc; path = ViewController.m; sourceTree = "<group>"; };
		CDCDD2FB1B1F129D0022F2CD /* FaceppSDK+Demo.xcodeproj */ = {isa = PBXFileReference; lastKnownFileType = "wrapper.pb-project"; path = "FaceppSDK+Demo.xcodeproj"; sourceTree = "<group>"; };
		CDCDD2FE1B1F129D0022F2CD /* icon.png */ = {isa = PBXFileReference; lastKnownFileType = image.png; path = icon.png; sourceTree = "<group>"; };
		CDCDD2FF1B1F129D0022F2CD /* icon@2x.png */ = {isa = PBXFileReference; lastKnownFileType = image.png; path = "icon@2x.png"; sourceTree = "<group>"; };
		CDCDD3001B1F129D0022F2CD /* ReadMe.md */ = {isa = PBXFileReference; fileEncoding = 4; lastKnownFileType = net.daringfireball.markdown; path = ReadMe.md; sourceTree = "<group>"; };
		CDCDD3021B1F129D0022F2CD /* FaceppAPI.h */ = {isa = PBXFileReference; fileEncoding = 4; lastKnownFileType = sourcecode.c.h; path = FaceppAPI.h; sourceTree = "<group>"; };
		CDCDD3031B1F129D0022F2CD /* FaceppAPI.m */ = {isa = PBXFileReference; fileEncoding = 4; lastKnownFileType = sourcecode.c.objc; path = FaceppAPI.m; sourceTree = "<group>"; };
		CDCDD3051B1F129D0022F2CD /* FaceppClient.h */ = {isa = PBXFileReference; fileEncoding = 4; lastKnownFileType = sourcecode.c.h; path = FaceppClient.h; sourceTree = "<group>"; };
		CDCDD3061B1F129D0022F2CD /* FaceppClient.m */ = {isa = PBXFileReference; fileEncoding = 4; lastKnownFileType = sourcecode.c.objc; path = FaceppClient.m; sourceTree = "<group>"; };
		CDCDD3071B1F129D0022F2CD /* FaceppDetection.h */ = {isa = PBXFileReference; fileEncoding = 4; lastKnownFileType = sourcecode.c.h; path = FaceppDetection.h; sourceTree = "<group>"; };
		CDCDD3081B1F129D0022F2CD /* FaceppDetection.m */ = {isa = PBXFileReference; fileEncoding = 4; lastKnownFileType = sourcecode.c.objc; path = FaceppDetection.m; sourceTree = "<group>"; };
		CDCDD3091B1F129D0022F2CD /* FaceppFaceset.h */ = {isa = PBXFileReference; fileEncoding = 4; lastKnownFileType = sourcecode.c.h; path = FaceppFaceset.h; sourceTree = "<group>"; };
		CDCDD30A1B1F129D0022F2CD /* FaceppFaceset.m */ = {isa = PBXFileReference; fileEncoding = 4; lastKnownFileType = sourcecode.c.objc; path = FaceppFaceset.m; sourceTree = "<group>"; };
		CDCDD30B1B1F129D0022F2CD /* FaceppGroup.h */ = {isa = PBXFileReference; fileEncoding = 4; lastKnownFileType = sourcecode.c.h; path = FaceppGroup.h; sourceTree = "<group>"; };
		CDCDD30C1B1F129D0022F2CD /* FaceppGroup.m */ = {isa = PBXFileReference; fileEncoding = 4; lastKnownFileType = sourcecode.c.objc; path = FaceppGroup.m; sourceTree = "<group>"; };
		CDCDD30D1B1F129D0022F2CD /* FaceppGrouping.h */ = {isa = PBXFileReference; fileEncoding = 4; lastKnownFileType = sourcecode.c.h; path = FaceppGrouping.h; sourceTree = "<group>"; };
		CDCDD30E1B1F129D0022F2CD /* FaceppGrouping.m */ = {isa = PBXFileReference; fileEncoding = 4; lastKnownFileType = sourcecode.c.objc; path = FaceppGrouping.m; sourceTree = "<group>"; };
		CDCDD30F1B1F129D0022F2CD /* FaceppInfo.h */ = {isa = PBXFileReference; fileEncoding = 4; lastKnownFileType = sourcecode.c.h; path = FaceppInfo.h; sourceTree = "<group>"; };
		CDCDD3101B1F129D0022F2CD /* FaceppInfo.m */ = {isa = PBXFileReference; fileEncoding = 4; lastKnownFileType = sourcecode.c.objc; path = FaceppInfo.m; sourceTree = "<group>"; };
		CDCDD3111B1F129D0022F2CD /* FaceppPerson.h */ = {isa = PBXFileReference; fileEncoding = 4; lastKnownFileType = sourcecode.c.h; path = FaceppPerson.h; sourceTree = "<group>"; };
		CDCDD3121B1F129D0022F2CD /* FaceppPerson.m */ = {isa = PBXFileReference; fileEncoding = 4; lastKnownFileType = sourcecode.c.objc; path = FaceppPerson.m; sourceTree = "<group>"; };
		CDCDD3131B1F129D0022F2CD /* FaceppRecognition.h */ = {isa = PBXFileReference; fileEncoding = 4; lastKnownFileType = sourcecode.c.h; path = FaceppRecognition.h; sourceTree = "<group>"; };
		CDCDD3141B1F129D0022F2CD /* FaceppRecognition.m */ = {isa = PBXFileReference; fileEncoding = 4; lastKnownFileType = sourcecode.c.objc; path = FaceppRecognition.m; sourceTree = "<group>"; };
		CDCDD3151B1F129D0022F2CD /* FaceppTrainer.h */ = {isa = PBXFileReference; fileEncoding = 4; lastKnownFileType = sourcecode.c.h; path = FaceppTrainer.h; sourceTree = "<group>"; };
		CDCDD3161B1F129D0022F2CD /* FaceppTrainer.m */ = {isa = PBXFileReference; fileEncoding = 4; lastKnownFileType = sourcecode.c.objc; path = FaceppTrainer.m; sourceTree = "<group>"; };
		CDCDD3181B1F129D0022F2CD /* FaceppError.h */ = {isa = PBXFileReference; fileEncoding = 4; lastKnownFileType = sourcecode.c.h; path = FaceppError.h; sourceTree = "<group>"; };
		CDCDD3191B1F129D0022F2CD /* FaceppError.m */ = {isa = PBXFileReference; fileEncoding = 4; lastKnownFileType = sourcecode.c.objc; path = FaceppError.m; sourceTree = "<group>"; };
		CDCDD31A1B1F129D0022F2CD /* FaceppResult.h */ = {isa = PBXFileReference; fileEncoding = 4; lastKnownFileType = sourcecode.c.h; path = FaceppResult.h; sourceTree = "<group>"; };
		CDCDD31B1B1F129D0022F2CD /* FaceppResult.m */ = {isa = PBXFileReference; fileEncoding = 4; lastKnownFileType = sourcecode.c.objc; path = FaceppResult.m; sourceTree = "<group>"; };
		CDCDD31D1B1F129D0022F2CD /* CDataScanner.h */ = {isa = PBXFileReference; fileEncoding = 4; lastKnownFileType = sourcecode.c.h; path = CDataScanner.h; sourceTree = "<group>"; };
		CDCDD31E1B1F129D0022F2CD /* CDataScanner.m */ = {isa = PBXFileReference; fileEncoding = 4; lastKnownFileType = sourcecode.c.objc; path = CDataScanner.m; sourceTree = "<group>"; };
		CDCDD3201B1F129D0022F2CD /* CFilteringJSONSerializer.h */ = {isa = PBXFileReference; fileEncoding = 4; lastKnownFileType = sourcecode.c.h; path = CFilteringJSONSerializer.h; sourceTree = "<group>"; };
		CDCDD3211B1F129D0022F2CD /* CFilteringJSONSerializer.m */ = {isa = PBXFileReference; fileEncoding = 4; lastKnownFileType = sourcecode.c.objc; path = CFilteringJSONSerializer.m; sourceTree = "<group>"; };
		CDCDD3221B1F129D0022F2CD /* CJSONDeserializer_BlocksExtensions.h */ = {isa = PBXFileReference; fileEncoding = 4; lastKnownFileType = sourcecode.c.h; path = CJSONDeserializer_BlocksExtensions.h; sourceTree = "<group>"; };
		CDCDD3231B1F129D0022F2CD /* CJSONDeserializer_BlocksExtensions.m */ = {isa = PBXFileReference; fileEncoding = 4; lastKnownFileType = sourcecode.c.objc; path = CJSONDeserializer_BlocksExtensions.m; sourceTree = "<group>"; };
		CDCDD3241B1F129D0022F2CD /* CJSONSerialization.h */ = {isa = PBXFileReference; fileEncoding = 4; lastKnownFileType = sourcecode.c.h; path = CJSONSerialization.h; sourceTree = "<group>"; };
		CDCDD3251B1F129D0022F2CD /* CJSONSerialization.m */ = {isa = PBXFileReference; fileEncoding = 4; lastKnownFileType = sourcecode.c.objc; path = CJSONSerialization.m; sourceTree = "<group>"; };
		CDCDD3261B1F129D0022F2CD /* CJSONSerializedData.h */ = {isa = PBXFileReference; fileEncoding = 4; lastKnownFileType = sourcecode.c.h; path = CJSONSerializedData.h; sourceTree = "<group>"; };
		CDCDD3271B1F129D0022F2CD /* CJSONSerializedData.m */ = {isa = PBXFileReference; fileEncoding = 4; lastKnownFileType = sourcecode.c.objc; path = CJSONSerializedData.m; sourceTree = "<group>"; };
		CDCDD3291B1F129D0022F2CD /* CDataScanner_Extensions.h */ = {isa = PBXFileReference; fileEncoding = 4; lastKnownFileType = sourcecode.c.h; path = CDataScanner_Extensions.h; sourceTree = "<group>"; };
		CDCDD32A1B1F129D0022F2CD /* CDataScanner_Extensions.m */ = {isa = PBXFileReference; fileEncoding = 4; lastKnownFileType = sourcecode.c.objc; path = CDataScanner_Extensions.m; sourceTree = "<group>"; };
		CDCDD32B1B1F129D0022F2CD /* NSDictionary_JSONExtensions.h */ = {isa = PBXFileReference; fileEncoding = 4; lastKnownFileType = sourcecode.c.h; path = NSDictionary_JSONExtensions.h; sourceTree = "<group>"; };
		CDCDD32C1B1F129D0022F2CD /* NSDictionary_JSONExtensions.m */ = {isa = PBXFileReference; fileEncoding = 4; lastKnownFileType = sourcecode.c.objc; path = NSDictionary_JSONExtensions.m; sourceTree = "<group>"; };
		CDCDD32E1B1F129D0022F2CD /* CJSONDeserializer.h */ = {isa = PBXFileReference; fileEncoding = 4; lastKnownFileType = sourcecode.c.h; path = CJSONDeserializer.h; sourceTree = "<group>"; };
		CDCDD32F1B1F129D0022F2CD /* CJSONDeserializer.m */ = {isa = PBXFileReference; fileEncoding = 4; lastKnownFileType = sourcecode.c.objc; path = CJSONDeserializer.m; sourceTree = "<group>"; };
		CDCDD3301B1F129D0022F2CD /* CJSONScanner.h */ = {isa = PBXFileReference; fileEncoding = 4; lastKnownFileType = sourcecode.c.h; path = CJSONScanner.h; sourceTree = "<group>"; };
		CDCDD3311B1F129D0022F2CD /* CJSONScanner.m */ = {isa = PBXFileReference; fileEncoding = 4; lastKnownFileType = sourcecode.c.objc; path = CJSONScanner.m; sourceTree = "<group>"; };
		CDCDD3321B1F129D0022F2CD /* CJSONSerializer.h */ = {isa = PBXFileReference; fileEncoding = 4; lastKnownFileType = sourcecode.c.h; path = CJSONSerializer.h; sourceTree = "<group>"; };
		CDCDD3331B1F129D0022F2CD /* CJSONSerializer.m */ = {isa = PBXFileReference; fileEncoding = 4; lastKnownFileType = sourcecode.c.objc; path = CJSONSerializer.m; sourceTree = "<group>"; };
		CDCDD3341B1F129D0022F2CD /* JSONRepresentation.h */ = {isa = PBXFileReference; fileEncoding = 4; lastKnownFileType = sourcecode.c.h; path = JSONRepresentation.h; sourceTree = "<group>"; };
		CDCDD3361B1F129D0022F2CD /* FaceppAPI.h */ = {isa = PBXFileReference; fileEncoding = 4; lastKnownFileType = sourcecode.c.h; path = FaceppAPI.h; sourceTree = "<group>"; };
		CDCDD3371B1F129D0022F2CD /* FaceppAPI.m */ = {isa = PBXFileReference; fileEncoding = 4; lastKnownFileType = sourcecode.c.objc; path = FaceppAPI.m; sourceTree = "<group>"; };
		CDCDD3391B1F129D0022F2CD /* FaceppClient.h */ = {isa = PBXFileReference; fileEncoding = 4; lastKnownFileType = sourcecode.c.h; path = FaceppClient.h; sourceTree = "<group>"; };
		CDCDD33A1B1F129D0022F2CD /* FaceppClient.m */ = {isa = PBXFileReference; fileEncoding = 4; lastKnownFileType = sourcecode.c.objc; path = FaceppClient.m; sourceTree = "<group>"; };
		CDCDD33B1B1F129D0022F2CD /* FaceppDetection.h */ = {isa = PBXFileReference; fileEncoding = 4; lastKnownFileType = sourcecode.c.h; path = FaceppDetection.h; sourceTree = "<group>"; };
		CDCDD33C1B1F129D0022F2CD /* FaceppDetection.m */ = {isa = PBXFileReference; fileEncoding = 4; lastKnownFileType = sourcecode.c.objc; path = FaceppDetection.m; sourceTree = "<group>"; };
		CDCDD33D1B1F129D0022F2CD /* FaceppFaceset.h */ = {isa = PBXFileReference; fileEncoding = 4; lastKnownFileType = sourcecode.c.h; path = FaceppFaceset.h; sourceTree = "<group>"; };
		CDCDD33E1B1F129D0022F2CD /* FaceppFaceset.m */ = {isa = PBXFileReference; fileEncoding = 4; lastKnownFileType = sourcecode.c.objc; path = FaceppFaceset.m; sourceTree = "<group>"; };
		CDCDD33F1B1F129D0022F2CD /* FaceppGroup.h */ = {isa = PBXFileReference; fileEncoding = 4; lastKnownFileType = sourcecode.c.h; path = FaceppGroup.h; sourceTree = "<group>"; };
		CDCDD3401B1F129D0022F2CD /* FaceppGroup.m */ = {isa = PBXFileReference; fileEncoding = 4; lastKnownFileType = sourcecode.c.objc; path = FaceppGroup.m; sourceTree = "<group>"; };
		CDCDD3411B1F129D0022F2CD /* FaceppGrouping.h */ = {isa = PBXFileReference; fileEncoding = 4; lastKnownFileType = sourcecode.c.h; path = FaceppGrouping.h; sourceTree = "<group>"; };
		CDCDD3421B1F129D0022F2CD /* FaceppGrouping.m */ = {isa = PBXFileReference; fileEncoding = 4; lastKnownFileType = sourcecode.c.objc; path = FaceppGrouping.m; sourceTree = "<group>"; };
		CDCDD3431B1F129D0022F2CD /* FaceppInfo.h */ = {isa = PBXFileReference; fileEncoding = 4; lastKnownFileType = sourcecode.c.h; path = FaceppInfo.h; sourceTree = "<group>"; };
		CDCDD3441B1F129D0022F2CD /* FaceppInfo.m */ = {isa = PBXFileReference; fileEncoding = 4; lastKnownFileType = sourcecode.c.objc; path = FaceppInfo.m; sourceTree = "<group>"; };
		CDCDD3451B1F129D0022F2CD /* FaceppPerson.h */ = {isa = PBXFileReference; fileEncoding = 4; lastKnownFileType = sourcecode.c.h; path = FaceppPerson.h; sourceTree = "<group>"; };
		CDCDD3461B1F129D0022F2CD /* FaceppPerson.m */ = {isa = PBXFileReference; fileEncoding = 4; lastKnownFileType = sourcecode.c.objc; path = FaceppPerson.m; sourceTree = "<group>"; };
		CDCDD3471B1F129D0022F2CD /* FaceppRecognition.h */ = {isa = PBXFileReference; fileEncoding = 4; lastKnownFileType = sourcecode.c.h; path = FaceppRecognition.h; sourceTree = "<group>"; };
		CDCDD3481B1F129D0022F2CD /* FaceppRecognition.m */ = {isa = PBXFileReference; fileEncoding = 4; lastKnownFileType = sourcecode.c.objc; path = FaceppRecognition.m; sourceTree = "<group>"; };
		CDCDD3491B1F129D0022F2CD /* FaceppTrainer.h */ = {isa = PBXFileReference; fileEncoding = 4; lastKnownFileType = sourcecode.c.h; path = FaceppTrainer.h; sourceTree = "<group>"; };
		CDCDD34A1B1F129D0022F2CD /* FaceppTrainer.m */ = {isa = PBXFileReference; fileEncoding = 4; lastKnownFileType = sourcecode.c.objc; path = FaceppTrainer.m; sourceTree = "<group>"; };
		CDCDD34C1B1F129D0022F2CD /* FaceppError.h */ = {isa = PBXFileReference; fileEncoding = 4; lastKnownFileType = sourcecode.c.h; path = FaceppError.h; sourceTree = "<group>"; };
		CDCDD34D1B1F129D0022F2CD /* FaceppError.m */ = {isa = PBXFileReference; fileEncoding = 4; lastKnownFileType = sourcecode.c.objc; path = FaceppError.m; sourceTree = "<group>"; };
		CDCDD34E1B1F129D0022F2CD /* FaceppResult.h */ = {isa = PBXFileReference; fileEncoding = 4; lastKnownFileType = sourcecode.c.h; path = FaceppResult.h; sourceTree = "<group>"; };
		CDCDD34F1B1F129D0022F2CD /* FaceppResult.m */ = {isa = PBXFileReference; fileEncoding = 4; lastKnownFileType = sourcecode.c.objc; path = FaceppResult.m; sourceTree = "<group>"; };
/* End PBXFileReference section */

/* Begin PBXFrameworksBuildPhase section */
		165595191B1D5F03002B3D79 /* Frameworks */ = {
			isa = PBXFrameworksBuildPhase;
			buildActionMask = 2147483647;
			files = (
			);
			runOnlyForDeploymentPostprocessing = 0;
		};
		165595351B1D5F03002B3D79 /* Frameworks */ = {
			isa = PBXFrameworksBuildPhase;
			buildActionMask = 2147483647;
			files = (
			);
			runOnlyForDeploymentPostprocessing = 0;
		};
/* End PBXFrameworksBuildPhase section */

/* Begin PBXGroup section */
		165595131B1D5F02002B3D79 = {
			isa = PBXGroup;
			children = (
				CDCDD2DC1B1F129D0022F2CD /* Demos */,
				CDCDD3011B1F129D0022F2CD /* FaceppSDK */,
				CDCDD3351B1F129D0022F2CD /* FaceppSDK_ARC */,
				1655951E1B1D5F03002B3D79 /* aa */,
				1655953B1B1D5F03002B3D79 /* aaTests */,
				1655951D1B1D5F03002B3D79 /* Products */,
			);
			sourceTree = "<group>";
		};
		1655951D1B1D5F03002B3D79 /* Products */ = {
			isa = PBXGroup;
			children = (
				1655951C1B1D5F03002B3D79 /* aa.app */,
				165595381B1D5F03002B3D79 /* aaTests.xctest */,
			);
			name = Products;
			sourceTree = "<group>";
		};
		1655951E1B1D5F03002B3D79 /* aa */ = {
			isa = PBXGroup;
			children = (
				165595231B1D5F03002B3D79 /* AppDelegate.h */,
				165595241B1D5F03002B3D79 /* AppDelegate.m */,
				165595261B1D5F03002B3D79 /* MasterViewController.h */,
				165595271B1D5F03002B3D79 /* MasterViewController.m */,
				165595291B1D5F03002B3D79 /* DetailViewController.h */,
				1655952A1B1D5F03002B3D79 /* DetailViewController.m */,
				1655952C1B1D5F03002B3D79 /* Main.storyboard */,
				1655952F1B1D5F03002B3D79 /* Images.xcassets */,
				165595311B1D5F03002B3D79 /* LaunchScreen.xib */,
				1655951F1B1D5F03002B3D79 /* Supporting Files */,
			);
			path = aa;
			sourceTree = "<group>";
		};
		1655951F1B1D5F03002B3D79 /* Supporting Files */ = {
			isa = PBXGroup;
			children = (
				165595201B1D5F03002B3D79 /* Info.plist */,
				165595211B1D5F03002B3D79 /* main.m */,
			);
			name = "Supporting Files";
			sourceTree = "<group>";
		};
		1655953B1B1D5F03002B3D79 /* aaTests */ = {
			isa = PBXGroup;
			children = (
				1655953E1B1D5F03002B3D79 /* aaTests.m */,
				1655953C1B1D5F03002B3D79 /* Supporting Files */,
			);
			path = aaTests;
			sourceTree = "<group>";
		};
		1655953C1B1D5F03002B3D79 /* Supporting Files */ = {
			isa = PBXGroup;
			children = (
				1655953D1B1D5F03002B3D79 /* Info.plist */,
			);
			name = "Supporting Files";
			sourceTree = "<group>";
		};
		CDCDD2DC1B1F129D0022F2CD /* Demos */ = {
			isa = PBXGroup;
			children = (
				CDCDD2DD1B1F129D0022F2CD /* APIKey+APISecret.h */,
				CDCDD2DE1B1F129D0022F2CD /* FaceppDemo */,
				CDCDD2E91B1F129D0022F2CD /* FaceppPhotoPickerDemo */,
				CDCDD2FB1B1F129D0022F2CD /* FaceppSDK+Demo.xcodeproj */,
				CDCDD2FE1B1F129D0022F2CD /* icon.png */,
				CDCDD2FF1B1F129D0022F2CD /* icon@2x.png */,
				CDCDD3001B1F129D0022F2CD /* ReadMe.md */,
			);
			path = Demos;
			sourceTree = "<group>";
		};
		CDCDD2DE1B1F129D0022F2CD /* FaceppDemo */ = {
			isa = PBXGroup;
			children = (
				CDCDD2DF1B1F129D0022F2CD /* AppDelegate.h */,
				CDCDD2E01B1F129D0022F2CD /* AppDelegate.m */,
				CDCDD2E11B1F129D0022F2CD /* Default-568h@2x.png */,
				CDCDD2E21B1F129D0022F2CD /* Default.png */,
				CDCDD2E31B1F129D0022F2CD /* Default@2x.png */,
				CDCDD2E41B1F129D0022F2CD /* InfoPlist.strings */,
				CDCDD2E61B1F129D0022F2CD /* FaceppSDK+Demo-Info.plist */,
				CDCDD2E71B1F129D0022F2CD /* FaceppSDK+Demo-Prefix.pch */,
				CDCDD2E81B1F129D0022F2CD /* main.m */,
			);
			path = FaceppDemo;
			sourceTree = "<group>";
		};
		CDCDD2E91B1F129D0022F2CD /* FaceppPhotoPickerDemo */ = {
			isa = PBXGroup;
			children = (
				CDCDD2EA1B1F129D0022F2CD /* AppDelegate.h */,
				CDCDD2EB1B1F129D0022F2CD /* AppDelegate.m */,
				CDCDD2EC1B1F129D0022F2CD /* Default-568h@2x.png */,
				CDCDD2ED1B1F129D0022F2CD /* Default.png */,
				CDCDD2EE1B1F129D0022F2CD /* Default@2x.png */,
				CDCDD2EF1B1F129D0022F2CD /* InfoPlist.strings */,
				CDCDD2F11B1F129D0022F2CD /* ViewController.xib */,
				CDCDD2F31B1F129D0022F2CD /* FaceppPhotoPickerDemo-Info.plist */,
				CDCDD2F41B1F129D0022F2CD /* FaceppPhotoPickerDemo-Prefix.pch */,
				CDCDD2F51B1F129D0022F2CD /* main.m */,
				CDCDD2F61B1F129D0022F2CD /* MBProgressHUD.h */,
				CDCDD2F71B1F129D0022F2CD /* MBProgressHUD.m */,
				CDCDD2F81B1F129D0022F2CD /* powered_by.png */,
				CDCDD2F91B1F129D0022F2CD /* ViewController.h */,
				CDCDD2FA1B1F129D0022F2CD /* ViewController.m */,
			);
			path = FaceppPhotoPickerDemo;
			sourceTree = "<group>";
		};
		CDCDD2FC1B1F129D0022F2CD /* Products */ = {
			isa = PBXGroup;
			children = (
				CDCDD38A1B1F129D0022F2CD /* FaceppPhotoPickerDemo.app */,
				CDCDD38C1B1F129D0022F2CD /* FaceppSDK+Demo.app */,
			);
			name = Products;
			sourceTree = "<group>";
		};
		CDCDD3011B1F129D0022F2CD /* FaceppSDK */ = {
			isa = PBXGroup;
			children = (
				CDCDD3021B1F129D0022F2CD /* FaceppAPI.h */,
				CDCDD3031B1F129D0022F2CD /* FaceppAPI.m */,
				CDCDD3041B1F129D0022F2CD /* FaceppAPISource */,
				CDCDD3171B1F129D0022F2CD /* FaceppResult */,
				CDCDD31C1B1F129D0022F2CD /* TouchJSON */,
			);
			path = FaceppSDK;
			sourceTree = "<group>";
		};
		CDCDD3041B1F129D0022F2CD /* FaceppAPISource */ = {
			isa = PBXGroup;
			children = (
				CDCDD3051B1F129D0022F2CD /* FaceppClient.h */,
				CDCDD3061B1F129D0022F2CD /* FaceppClient.m */,
				CDCDD3071B1F129D0022F2CD /* FaceppDetection.h */,
				CDCDD3081B1F129D0022F2CD /* FaceppDetection.m */,
				CDCDD3091B1F129D0022F2CD /* FaceppFaceset.h */,
				CDCDD30A1B1F129D0022F2CD /* FaceppFaceset.m */,
				CDCDD30B1B1F129D0022F2CD /* FaceppGroup.h */,
				CDCDD30C1B1F129D0022F2CD /* FaceppGroup.m */,
				CDCDD30D1B1F129D0022F2CD /* FaceppGrouping.h */,
				CDCDD30E1B1F129D0022F2CD /* FaceppGrouping.m */,
				CDCDD30F1B1F129D0022F2CD /* FaceppInfo.h */,
				CDCDD3101B1F129D0022F2CD /* FaceppInfo.m */,
				CDCDD3111B1F129D0022F2CD /* FaceppPerson.h */,
				CDCDD3121B1F129D0022F2CD /* FaceppPerson.m */,
				CDCDD3131B1F129D0022F2CD /* FaceppRecognition.h */,
				CDCDD3141B1F129D0022F2CD /* FaceppRecognition.m */,
				CDCDD3151B1F129D0022F2CD /* FaceppTrainer.h */,
				CDCDD3161B1F129D0022F2CD /* FaceppTrainer.m */,
			);
			path = FaceppAPISource;
			sourceTree = "<group>";
		};
		CDCDD3171B1F129D0022F2CD /* FaceppResult */ = {
			isa = PBXGroup;
			children = (
				CDCDD3181B1F129D0022F2CD /* FaceppError.h */,
				CDCDD3191B1F129D0022F2CD /* FaceppError.m */,
				CDCDD31A1B1F129D0022F2CD /* FaceppResult.h */,
				CDCDD31B1B1F129D0022F2CD /* FaceppResult.m */,
			);
			path = FaceppResult;
			sourceTree = "<group>";
		};
		CDCDD31C1B1F129D0022F2CD /* TouchJSON */ = {
			isa = PBXGroup;
			children = (
				CDCDD31D1B1F129D0022F2CD /* CDataScanner.h */,
				CDCDD31E1B1F129D0022F2CD /* CDataScanner.m */,
				CDCDD31F1B1F129D0022F2CD /* Experimental */,
				CDCDD3281B1F129D0022F2CD /* Extensions */,
				CDCDD32D1B1F129D0022F2CD /* JSON */,
			);
			path = TouchJSON;
			sourceTree = "<group>";
		};
		CDCDD31F1B1F129D0022F2CD /* Experimental */ = {
			isa = PBXGroup;
			children = (
				CDCDD3201B1F129D0022F2CD /* CFilteringJSONSerializer.h */,
				CDCDD3211B1F129D0022F2CD /* CFilteringJSONSerializer.m */,
				CDCDD3221B1F129D0022F2CD /* CJSONDeserializer_BlocksExtensions.h */,
				CDCDD3231B1F129D0022F2CD /* CJSONDeserializer_BlocksExtensions.m */,
				CDCDD3241B1F129D0022F2CD /* CJSONSerialization.h */,
				CDCDD3251B1F129D0022F2CD /* CJSONSerialization.m */,
				CDCDD3261B1F129D0022F2CD /* CJSONSerializedData.h */,
				CDCDD3271B1F129D0022F2CD /* CJSONSerializedData.m */,
			);
			path = Experimental;
			sourceTree = "<group>";
		};
		CDCDD3281B1F129D0022F2CD /* Extensions */ = {
			isa = PBXGroup;
			children = (
				CDCDD3291B1F129D0022F2CD /* CDataScanner_Extensions.h */,
				CDCDD32A1B1F129D0022F2CD /* CDataScanner_Extensions.m */,
				CDCDD32B1B1F129D0022F2CD /* NSDictionary_JSONExtensions.h */,
				CDCDD32C1B1F129D0022F2CD /* NSDictionary_JSONExtensions.m */,
			);
			path = Extensions;
			sourceTree = "<group>";
		};
		CDCDD32D1B1F129D0022F2CD /* JSON */ = {
			isa = PBXGroup;
			children = (
				CDCDD32E1B1F129D0022F2CD /* CJSONDeserializer.h */,
				CDCDD32F1B1F129D0022F2CD /* CJSONDeserializer.m */,
				CDCDD3301B1F129D0022F2CD /* CJSONScanner.h */,
				CDCDD3311B1F129D0022F2CD /* CJSONScanner.m */,
				CDCDD3321B1F129D0022F2CD /* CJSONSerializer.h */,
				CDCDD3331B1F129D0022F2CD /* CJSONSerializer.m */,
				CDCDD3341B1F129D0022F2CD /* JSONRepresentation.h */,
			);
			path = JSON;
			sourceTree = "<group>";
		};
		CDCDD3351B1F129D0022F2CD /* FaceppSDK_ARC */ = {
			isa = PBXGroup;
			children = (
				CDCDD3361B1F129D0022F2CD /* FaceppAPI.h */,
				CDCDD3371B1F129D0022F2CD /* FaceppAPI.m */,
				CDCDD3381B1F129D0022F2CD /* FaceppAPISource */,
				CDCDD34B1B1F129D0022F2CD /* FaceppResult */,
			);
			path = FaceppSDK_ARC;
			sourceTree = "<group>";
		};
		CDCDD3381B1F129D0022F2CD /* FaceppAPISource */ = {
			isa = PBXGroup;
			children = (
				CDCDD3391B1F129D0022F2CD /* FaceppClient.h */,
				CDCDD33A1B1F129D0022F2CD /* FaceppClient.m */,
				CDCDD33B1B1F129D0022F2CD /* FaceppDetection.h */,
				CDCDD33C1B1F129D0022F2CD /* FaceppDetection.m */,
				CDCDD33D1B1F129D0022F2CD /* FaceppFaceset.h */,
				CDCDD33E1B1F129D0022F2CD /* FaceppFaceset.m */,
				CDCDD33F1B1F129D0022F2CD /* FaceppGroup.h */,
				CDCDD3401B1F129D0022F2CD /* FaceppGroup.m */,
				CDCDD3411B1F129D0022F2CD /* FaceppGrouping.h */,
				CDCDD3421B1F129D0022F2CD /* FaceppGrouping.m */,
				CDCDD3431B1F129D0022F2CD /* FaceppInfo.h */,
				CDCDD3441B1F129D0022F2CD /* FaceppInfo.m */,
				CDCDD3451B1F129D0022F2CD /* FaceppPerson.h */,
				CDCDD3461B1F129D0022F2CD /* FaceppPerson.m */,
				CDCDD3471B1F129D0022F2CD /* FaceppRecognition.h */,
				CDCDD3481B1F129D0022F2CD /* FaceppRecognition.m */,
				CDCDD3491B1F129D0022F2CD /* FaceppTrainer.h */,
				CDCDD34A1B1F129D0022F2CD /* FaceppTrainer.m */,
			);
			path = FaceppAPISource;
			sourceTree = "<group>";
		};
		CDCDD34B1B1F129D0022F2CD /* FaceppResult */ = {
			isa = PBXGroup;
			children = (
				CDCDD34C1B1F129D0022F2CD /* FaceppError.h */,
				CDCDD34D1B1F129D0022F2CD /* FaceppError.m */,
				CDCDD34E1B1F129D0022F2CD /* FaceppResult.h */,
				CDCDD34F1B1F129D0022F2CD /* FaceppResult.m */,
			);
			path = FaceppResult;
			sourceTree = "<group>";
		};
/* End PBXGroup section */

/* Begin PBXNativeTarget section */
		1655951B1B1D5F03002B3D79 /* aa */ = {
			isa = PBXNativeTarget;
			buildConfigurationList = 165595421B1D5F03002B3D79 /* Build configuration list for PBXNativeTarget "aa" */;
			buildPhases = (
				165595181B1D5F03002B3D79 /* Sources */,
				165595191B1D5F03002B3D79 /* Frameworks */,
				1655951A1B1D5F03002B3D79 /* Resources */,
			);
			buildRules = (
			);
			dependencies = (
			);
			name = aa;
			productName = aa;
			productReference = 1655951C1B1D5F03002B3D79 /* aa.app */;
			productType = "com.apple.product-type.application";
		};
		165595371B1D5F03002B3D79 /* aaTests */ = {
			isa = PBXNativeTarget;
			buildConfigurationList = 165595451B1D5F03002B3D79 /* Build configuration list for PBXNativeTarget "aaTests" */;
			buildPhases = (
				165595341B1D5F03002B3D79 /* Sources */,
				165595351B1D5F03002B3D79 /* Frameworks */,
				165595361B1D5F03002B3D79 /* Resources */,
			);
			buildRules = (
			);
			dependencies = (
				1655953A1B1D5F03002B3D79 /* PBXTargetDependency */,
			);
			name = aaTests;
			productName = aaTests;
			productReference = 165595381B1D5F03002B3D79 /* aaTests.xctest */;
			productType = "com.apple.product-type.bundle.unit-test";
		};
/* End PBXNativeTarget section */

/* Begin PBXProject section */
		165595141B1D5F03002B3D79 /* Project object */ = {
			isa = PBXProject;
			attributes = {
				LastUpgradeCheck = 0630;
				ORGANIZATIONNAME = qiao;
				TargetAttributes = {
					1655951B1B1D5F03002B3D79 = {
						CreatedOnToolsVersion = 6.3.2;
						DevelopmentTeam = 8EQ8DUTDZW;
					};
					165595371B1D5F03002B3D79 = {
						CreatedOnToolsVersion = 6.3.2;
						TestTargetID = 1655951B1B1D5F03002B3D79;
					};
				};
			};
			buildConfigurationList = 165595171B1D5F03002B3D79 /* Build configuration list for PBXProject "aa" */;
			compatibilityVersion = "Xcode 3.2";
			developmentRegion = English;
			hasScannedForEncodings = 0;
			knownRegions = (
				en,
				Base,
			);
			mainGroup = 165595131B1D5F02002B3D79;
			productRefGroup = 1655951D1B1D5F03002B3D79 /* Products */;
			projectDirPath = "";
			projectReferences = (
				{
					ProductGroup = CDCDD2FC1B1F129D0022F2CD /* Products */;
					ProjectRef = CDCDD2FB1B1F129D0022F2CD /* FaceppSDK+Demo.xcodeproj */;
				},
			);
			projectRoot = "";
			targets = (
				1655951B1B1D5F03002B3D79 /* aa */,
				165595371B1D5F03002B3D79 /* aaTests */,
			);
		};
/* End PBXProject section */

/* Begin PBXReferenceProxy section */
		CDCDD38A1B1F129D0022F2CD /* FaceppPhotoPickerDemo.app */ = {
			isa = PBXReferenceProxy;
			fileType = wrapper.application;
			path = FaceppPhotoPickerDemo.app;
			remoteRef = CDCDD3891B1F129D0022F2CD /* PBXContainerItemProxy */;
			sourceTree = BUILT_PRODUCTS_DIR;
		};
		CDCDD38C1B1F129D0022F2CD /* FaceppSDK+Demo.app */ = {
			isa = PBXReferenceProxy;
			fileType = wrapper.application;
			path = "FaceppSDK+Demo.app";
			remoteRef = CDCDD38B1B1F129D0022F2CD /* PBXContainerItemProxy */;
			sourceTree = BUILT_PRODUCTS_DIR;
		};
/* End PBXReferenceProxy section */

/* Begin PBXResourcesBuildPhase section */
		1655951A1B1D5F03002B3D79 /* Resources */ = {
			isa = PBXResourcesBuildPhase;
			buildActionMask = 2147483647;
			files = (
				CDCDD3531B1F129D0022F2CD /* Default@2x.png in Resources */,
				CDCDD35B1B1F129D0022F2CD /* InfoPlist.strings in Resources */,
				CDCDD35D1B1F129D0022F2CD /* FaceppPhotoPickerDemo-Info.plist in Resources */,
				CDCDD3631B1F129D0022F2CD /* icon@2x.png in Resources */,
				CDCDD3541B1F129D0022F2CD /* InfoPlist.strings in Resources */,
				CDCDD3621B1F129D0022F2CD /* icon.png in Resources */,
				CDCDD3581B1F129D0022F2CD /* Default-568h@2x.png in Resources */,
				1655952E1B1D5F03002B3D79 /* Main.storyboard in Resources */,
				CDCDD35C1B1F129D0022F2CD /* ViewController.xib in Resources */,
				CDCDD3601B1F129D0022F2CD /* powered_by.png in Resources */,
				CDCDD3511B1F129D0022F2CD /* Default-568h@2x.png in Resources */,
				CDCDD35A1B1F129D0022F2CD /* Default@2x.png in Resources */,
				165595331B1D5F03002B3D79 /* LaunchScreen.xib in Resources */,
				CDCDD3551B1F129D0022F2CD /* FaceppSDK+Demo-Info.plist in Resources */,
				165595301B1D5F03002B3D79 /* Images.xcassets in Resources */,
				CDCDD3521B1F129D0022F2CD /* Default.png in Resources */,
				CDCDD3591B1F129D0022F2CD /* Default.png in Resources */,
			);
			runOnlyForDeploymentPostprocessing = 0;
		};
		165595361B1D5F03002B3D79 /* Resources */ = {
			isa = PBXResourcesBuildPhase;
			buildActionMask = 2147483647;
			files = (
			);
			runOnlyForDeploymentPostprocessing = 0;
		};
/* End PBXResourcesBuildPhase section */

/* Begin PBXSourcesBuildPhase section */
		165595181B1D5F03002B3D79 /* Sources */ = {
			isa = PBXSourcesBuildPhase;
			buildActionMask = 2147483647;
			files = (
				CDCDD37E1B1F129D0022F2CD /* FaceppFaceset.m in Sources */,
				CDCDD3741B1F129D0022F2CD /* CJSONSerialization.m in Sources */,
				CDCDD3811B1F129D0022F2CD /* FaceppInfo.m in Sources */,
				165595251B1D5F03002B3D79 /* AppDelegate.m in Sources */,
				CDCDD3801B1F129D0022F2CD /* FaceppGrouping.m in Sources */,
				CDCDD3761B1F129D0022F2CD /* CDataScanner_Extensions.m in Sources */,
				CDCDD3721B1F129D0022F2CD /* CFilteringJSONSerializer.m in Sources */,
				CDCDD3641B1F129D0022F2CD /* ReadMe.md in Sources */,
				165595281B1D5F03002B3D79 /* MasterViewController.m in Sources */,
				CDCDD3841B1F129D0022F2CD /* FaceppTrainer.m in Sources */,
				CDCDD36F1B1F129D0022F2CD /* FaceppError.m in Sources */,
				CDCDD3831B1F129D0022F2CD /* FaceppRecognition.m in Sources */,
				CDCDD37B1B1F129D0022F2CD /* FaceppAPI.m in Sources */,
				CDCDD3781B1F129D0022F2CD /* CJSONDeserializer.m in Sources */,
				CDCDD3651B1F129D0022F2CD /* FaceppAPI.m in Sources */,
				CDCDD36C1B1F129D0022F2CD /* FaceppPerson.m in Sources */,
				CDCDD3691B1F129D0022F2CD /* FaceppGroup.m in Sources */,
				CDCDD3861B1F129D0022F2CD /* FaceppResult.m in Sources */,
				CDCDD3771B1F129D0022F2CD /* NSDictionary_JSONExtensions.m in Sources */,
				CDCDD37A1B1F129D0022F2CD /* CJSONSerializer.m in Sources */,
				CDCDD3701B1F129D0022F2CD /* FaceppResult.m in Sources */,
				CDCDD3711B1F129D0022F2CD /* CDataScanner.m in Sources */,
				CDCDD3681B1F129D0022F2CD /* FaceppFaceset.m in Sources */,
				CDCDD37C1B1F129D0022F2CD /* FaceppClient.m in Sources */,
				CDCDD3671B1F129D0022F2CD /* FaceppDetection.m in Sources */,
				CDCDD3791B1F129D0022F2CD /* CJSONScanner.m in Sources */,
				CDCDD3851B1F129D0022F2CD /* FaceppError.m in Sources */,
				CDCDD36A1B1F129D0022F2CD /* FaceppGrouping.m in Sources */,
				CDCDD36B1B1F129D0022F2CD /* FaceppInfo.m in Sources */,
				165595221B1D5F03002B3D79 /* main.m in Sources */,
				1655952B1B1D5F03002B3D79 /* DetailViewController.m in Sources */,
				CDCDD3611B1F129D0022F2CD /* ViewController.m in Sources */,
				CDCDD35F1B1F129D0022F2CD /* MBProgressHUD.m in Sources */,
				CDCDD3751B1F129D0022F2CD /* CJSONSerializedData.m in Sources */,
				CDCDD3561B1F129D0022F2CD /* main.m in Sources */,
				CDCDD3821B1F129D0022F2CD /* FaceppPerson.m in Sources */,
				CDCDD3501B1F129D0022F2CD /* AppDelegate.m in Sources */,
				CDCDD35E1B1F129D0022F2CD /* main.m in Sources */,
				CDCDD37D1B1F129D0022F2CD /* FaceppDetection.m in Sources */,
				CDCDD36E1B1F129D0022F2CD /* FaceppTrainer.m in Sources */,
				CDCDD3731B1F129D0022F2CD /* CJSONDeserializer_BlocksExtensions.m in Sources */,
				CDCDD3661B1F129D0022F2CD /* FaceppClient.m in Sources */,
				CDCDD36D1B1F129D0022F2CD /* FaceppRecognition.m in Sources */,
				CDCDD37F1B1F129D0022F2CD /* FaceppGroup.m in Sources */,
				CDCDD3571B1F129D0022F2CD /* AppDelegate.m in Sources */,
			);
			runOnlyForDeploymentPostprocessing = 0;
		};
		165595341B1D5F03002B3D79 /* Sources */ = {
			isa = PBXSourcesBuildPhase;
			buildActionMask = 2147483647;
			files = (
				1655953F1B1D5F03002B3D79 /* aaTests.m in Sources */,
			);
			runOnlyForDeploymentPostprocessing = 0;
		};
/* End PBXSourcesBuildPhase section */

/* Begin PBXTargetDependency section */
		1655953A1B1D5F03002B3D79 /* PBXTargetDependency */ = {
			isa = PBXTargetDependency;
			target = 1655951B1B1D5F03002B3D79 /* aa */;
			targetProxy = 165595391B1D5F03002B3D79 /* PBXContainerItemProxy */;
		};
/* End PBXTargetDependency section */

/* Begin PBXVariantGroup section */
		1655952C1B1D5F03002B3D79 /* Main.storyboard */ = {
			isa = PBXVariantGroup;
			children = (
				1655952D1B1D5F03002B3D79 /* Base */,
			);
			name = Main.storyboard;
			sourceTree = "<group>";
		};
		165595311B1D5F03002B3D79 /* LaunchScreen.xib */ = {
			isa = PBXVariantGroup;
			children = (
				165595321B1D5F03002B3D79 /* Base */,
			);
			name = LaunchScreen.xib;
			sourceTree = "<group>";
		};
		CDCDD2E41B1F129D0022F2CD /* InfoPlist.strings */ = {
			isa = PBXVariantGroup;
			children = (
				CDCDD2E51B1F129D0022F2CD /* en */,
			);
			name = InfoPlist.strings;
			sourceTree = "<group>";
		};
		CDCDD2EF1B1F129D0022F2CD /* InfoPlist.strings */ = {
			isa = PBXVariantGroup;
			children = (
				CDCDD2F01B1F129D0022F2CD /* en */,
			);
			name = InfoPlist.strings;
			sourceTree = "<group>";
		};
		CDCDD2F11B1F129D0022F2CD /* ViewController.xib */ = {
			isa = PBXVariantGroup;
			children = (
				CDCDD2F21B1F129D0022F2CD /* en */,
			);
			name = ViewController.xib;
			sourceTree = "<group>";
		};
/* End PBXVariantGroup section */

/* Begin XCBuildConfiguration section */
		165595401B1D5F03002B3D79 /* Debug */ = {
			isa = XCBuildConfiguration;
			buildSettings = {
				ALWAYS_SEARCH_USER_PATHS = NO;
				CLANG_CXX_LANGUAGE_STANDARD = "gnu++0x";
				CLANG_CXX_LIBRARY = "libc++";
				CLANG_ENABLE_MODULES = YES;
				CLANG_ENABLE_OBJC_ARC = YES;
				CLANG_WARN_BOOL_CONVERSION = YES;
				CLANG_WARN_CONSTANT_CONVERSION = YES;
				CLANG_WARN_DIRECT_OBJC_ISA_USAGE = YES_ERROR;
				CLANG_WARN_EMPTY_BODY = YES;
				CLANG_WARN_ENUM_CONVERSION = YES;
				CLANG_WARN_INT_CONVERSION = YES;
				CLANG_WARN_OBJC_ROOT_CLASS = YES_ERROR;
				CLANG_WARN_UNREACHABLE_CODE = YES;
				CLANG_WARN__DUPLICATE_METHOD_MATCH = YES;
				"CODE_SIGN_IDENTITY[sdk=iphoneos*]" = "iPhone Developer";
				COPY_PHASE_STRIP = NO;
				DEBUG_INFORMATION_FORMAT = "dwarf-with-dsym";
				ENABLE_STRICT_OBJC_MSGSEND = YES;
				GCC_C_LANGUAGE_STANDARD = gnu99;
				GCC_DYNAMIC_NO_PIC = NO;
				GCC_NO_COMMON_BLOCKS = YES;
				GCC_OPTIMIZATION_LEVEL = 0;
				GCC_PREPROCESSOR_DEFINITIONS = (
					"DEBUG=1",
					"$(inherited)",
				);
				GCC_SYMBOLS_PRIVATE_EXTERN = NO;
				GCC_WARN_64_TO_32_BIT_CONVERSION = YES;
				GCC_WARN_ABOUT_RETURN_TYPE = YES_ERROR;
				GCC_WARN_UNDECLARED_SELECTOR = YES;
				GCC_WARN_UNINITIALIZED_AUTOS = YES_AGGRESSIVE;
				GCC_WARN_UNUSED_FUNCTION = YES;
				GCC_WARN_UNUSED_VARIABLE = YES;
				IPHONEOS_DEPLOYMENT_TARGET = 8.3;
				MTL_ENABLE_DEBUG_INFO = YES;
				ONLY_ACTIVE_ARCH = YES;
				SDKROOT = iphoneos;
				TARGETED_DEVICE_FAMILY = "1,2";
			};
			name = Debug;
		};
		165595411B1D5F03002B3D79 /* Release */ = {
			isa = XCBuildConfiguration;
			buildSettings = {
				ALWAYS_SEARCH_USER_PATHS = NO;
				CLANG_CXX_LANGUAGE_STANDARD = "gnu++0x";
				CLANG_CXX_LIBRARY = "libc++";
				CLANG_ENABLE_MODULES = YES;
				CLANG_ENABLE_OBJC_ARC = YES;
				CLANG_WARN_BOOL_CONVERSION = YES;
				CLANG_WARN_CONSTANT_CONVERSION = YES;
				CLANG_WARN_DIRECT_OBJC_ISA_USAGE = YES_ERROR;
				CLANG_WARN_EMPTY_BODY = YES;
				CLANG_WARN_ENUM_CONVERSION = YES;
				CLANG_WARN_INT_CONVERSION = YES;
				CLANG_WARN_OBJC_ROOT_CLASS = YES_ERROR;
				CLANG_WARN_UNREACHABLE_CODE = YES;
				CLANG_WARN__DUPLICATE_METHOD_MATCH = YES;
				"CODE_SIGN_IDENTITY[sdk=iphoneos*]" = "iPhone Developer";
				COPY_PHASE_STRIP = NO;
				DEBUG_INFORMATION_FORMAT = "dwarf-with-dsym";
				ENABLE_NS_ASSERTIONS = NO;
				ENABLE_STRICT_OBJC_MSGSEND = YES;
				GCC_C_LANGUAGE_STANDARD = gnu99;
				GCC_NO_COMMON_BLOCKS = YES;
				GCC_WARN_64_TO_32_BIT_CONVERSION = YES;
				GCC_WARN_ABOUT_RETURN_TYPE = YES_ERROR;
				GCC_WARN_UNDECLARED_SELECTOR = YES;
				GCC_WARN_UNINITIALIZED_AUTOS = YES_AGGRESSIVE;
				GCC_WARN_UNUSED_FUNCTION = YES;
				GCC_WARN_UNUSED_VARIABLE = YES;
				IPHONEOS_DEPLOYMENT_TARGET = 8.3;
				MTL_ENABLE_DEBUG_INFO = NO;
				SDKROOT = iphoneos;
				TARGETED_DEVICE_FAMILY = "1,2";
				VALIDATE_PRODUCT = YES;
			};
			name = Release;
		};
		165595431B1D5F03002B3D79 /* Debug */ = {
			isa = XCBuildConfiguration;
			buildSettings = {
				ASSETCATALOG_COMPILER_APPICON_NAME = AppIcon;
				CODE_SIGN_IDENTITY = "iPhone Developer: zong ming qiao (RX47KT87K3)";
				"CODE_SIGN_IDENTITY[sdk=iphoneos*]" = "iPhone Developer: zong ming qiao (RX47KT87K3)";
				INFOPLIST_FILE = aa/Info.plist;
				LD_RUNPATH_SEARCH_PATHS = "$(inherited) @executable_path/Frameworks";
				PRODUCT_NAME = "$(TARGET_NAME)";
				PROVISIONING_PROFILE = "";
			};
			name = Debug;
		};
		165595441B1D5F03002B3D79 /* Release */ = {
			isa = XCBuildConfiguration;
			buildSettings = {
				ASSETCATALOG_COMPILER_APPICON_NAME = AppIcon;
				CODE_SIGN_IDENTITY = "iPhone Developer: zong ming qiao (RX47KT87K3)";
				"CODE_SIGN_IDENTITY[sdk=iphoneos*]" = "iPhone Developer: zong ming qiao (RX47KT87K3)";
				INFOPLIST_FILE = aa/Info.plist;
				LD_RUNPATH_SEARCH_PATHS = "$(inherited) @executable_path/Frameworks";
				PRODUCT_NAME = "$(TARGET_NAME)";
				PROVISIONING_PROFILE = "";
			};
			name = Release;
		};
		165595461B1D5F03002B3D79 /* Debug */ = {
			isa = XCBuildConfiguration;
			buildSettings = {
				BUNDLE_LOADER = "$(TEST_HOST)";
				FRAMEWORK_SEARCH_PATHS = (
					"$(SDKROOT)/Developer/Library/Frameworks",
					"$(inherited)",
				);
				GCC_PREPROCESSOR_DEFINITIONS = (
					"DEBUG=1",
					"$(inherited)",
				);
				INFOPLIST_FILE = aaTests/Info.plist;
				LD_RUNPATH_SEARCH_PATHS = "$(inherited) @executable_path/Frameworks @loader_path/Frameworks";
				PRODUCT_NAME = "$(TARGET_NAME)";
				TEST_HOST = "$(BUILT_PRODUCTS_DIR)/aa.app/aa";
			};
			name = Debug;
		};
		165595471B1D5F03002B3D79 /* Release */ = {
			isa = XCBuildConfiguration;
			buildSettings = {
				BUNDLE_LOADER = "$(TEST_HOST)";
				FRAMEWORK_SEARCH_PATHS = (
					"$(SDKROOT)/Developer/Library/Frameworks",
					"$(inherited)",
				);
				INFOPLIST_FILE = aaTests/Info.plist;
				LD_RUNPATH_SEARCH_PATHS = "$(inherited) @executable_path/Frameworks @loader_path/Frameworks";
				PRODUCT_NAME = "$(TARGET_NAME)";
				TEST_HOST = "$(BUILT_PRODUCTS_DIR)/aa.app/aa";
			};
			name = Release;
		};
/* End XCBuildConfiguration section */

/* Begin XCConfigurationList section */
		165595171B1D5F03002B3D79 /* Build configuration list for PBXProject "aa" */ = {
			isa = XCConfigurationList;
			buildConfigurations = (
				165595401B1D5F03002B3D79 /* Debug */,
				165595411B1D5F03002B3D79 /* Release */,
			);
			defaultConfigurationIsVisible = 0;
			defaultConfigurationName = Release;
		};
		165595421B1D5F03002B3D79 /* Build configuration list for PBXNativeTarget "aa" */ = {
			isa = XCConfigurationList;
			buildConfigurations = (
				165595431B1D5F03002B3D79 /* Debug */,
				165595441B1D5F03002B3D79 /* Release */,
			);
			defaultConfigurationIsVisible = 0;
			defaultConfigurationName = Release;
		};
		165595451B1D5F03002B3D79 /* Build configuration list for PBXNativeTarget "aaTests" */ = {
			isa = XCConfigurationList;
			buildConfigurations = (
				165595461B1D5F03002B3D79 /* Debug */,
				165595471B1D5F03002B3D79 /* Release */,
			);
			defaultConfigurationIsVisible = 0;
			defaultConfigurationName = Release;
		};
/* End XCConfigurationList section */
	};
	rootObject = 165595141B1D5F03002B3D79 /* Project object */;
}
